
Microsoft Visual Studio Solution File, Format Version 12.00
# Visual Studio 15
VisualStudioVersion = 15.0.26228.9
MinimumVisualStudioVersion = 10.0.40219.1
Project("{FAE04EC0-301F-11D3-BF4B-00C04F79EFBC}") = "Core.Impl", "Core\Core.Impl.csproj", "{828EB82B-9C17-408B-86D2-EE9F58D0AD6F}"
EndProject
Project("{FAE04EC0-301F-11D3-BF4B-00C04F79EFBC}") = "Core.Tests", "Core.Tests\Core.Tests.csproj", "{B95EC832-1AA6-4D0B-8E12-84C398909957}"
EndProject
Project("{FAE04EC0-301F-11D3-BF4B-00C04F79EFBC}") = "Core.Interfaces", "Core.Interfaces\Core.Interfaces.csproj", "{60D64745-8BB5-4648-8FA1-9BCD600D36F2}"
EndProject
Project("{FAE04EC0-301F-11D3-BF4B-00C04F79EFBC}") = "Core.Model", "Core.Model\Core.Model.csproj", "{09342B29-C8F6-4D75-99A2-F43D5C414777}"
EndProject
Global
	GlobalSection(SolutionConfigurationPlatforms) = preSolution
		Debug|Any CPU = Debug|Any CPU
		Release|Any CPU = Release|Any CPU
	EndGlobalSection
	GlobalSection(ProjectConfigurationPlatforms) = postSolution
		{828EB82B-9C17-408B-86D2-EE9F58D0AD6F}.Debug|Any CPU.ActiveCfg = Debug|Any CPU
		{828EB82B-9C17-408B-86D2-EE9F58D0AD6F}.Debug|Any CPU.Build.0 = Debug|Any CPU
		{828EB82B-9C17-408B-86D2-EE9F58D0AD6F}.Release|Any CPU.ActiveCfg = Release|Any CPU
		{828EB82B-9C17-408B-86D2-EE9F58D0AD6F}.Release|Any CPU.Build.0 = Release|Any CPU
		{B95EC832-1AA6-4D0B-8E12-84C398909957}.Debug|Any CPU.ActiveCfg = Debug|Any CPU
		{B95EC832-1AA6-4D0B-8E12-84C398909957}.Debug|Any CPU.Build.0 = Debug|Any CPU
		{B95EC832-1AA6-4D0B-8E12-84C398909957}.Release|Any CPU.ActiveCfg = Release|Any CPU
		{B95EC832-1AA6-4D0B-8E12-84C398909957}.Release|Any CPU.Build.0 = Release|Any CPU
		{60D64745-8BB5-4648-8FA1-9BCD600D36F2}.Debug|Any CPU.ActiveCfg = Debug|Any CPU
		{60D64745-8BB5-4648-8FA1-9BCD600D36F2}.Debug|Any CPU.Build.0 = Debug|Any CPU
		{60D64745-8BB5-4648-8FA1-9BCD600D36F2}.Release|Any CPU.ActiveCfg = Release|Any CPU
		{60D64745-8BB5-4648-8FA1-9BCD600D36F2}.Release|Any CPU.Build.0 = Release|Any CPU
		{09342B29-C8F6-4D75-99A2-F43D5C414777}.Debug|Any CPU.ActiveCfg = Debug|Any CPU
		{09342B29-C8F6-4D75-99A2-F43D5C414777}.Debug|Any CPU.Build.0 = Debug|Any CPU
		{09342B29-C8F6-4D75-99A2-F43D5C414777}.Release|Any CPU.ActiveCfg = Release|Any CPU
		{09342B29-C8F6-4D75-99A2-F43D5C414777}.Release|Any CPU.Build.0 = Release|Any CPU
	EndGlobalSection
	GlobalSection(SolutionProperties) = preSolution
		HideSolutionNode = FALSE
	EndGlobalSection
EndGlobal
